
Microsoft Visual Studio Solution File, Format Version 12.00
# Visual Studio Version 16
VisualStudioVersion = 16.0.29215.179
MinimumVisualStudioVersion = 10.0.40219.1
Project("{FAE04EC0-301F-11D3-BF4B-00C04F79EFBC}") = "TypingGame", "TypingGame\TypingGame.csproj", "{0BFA824A-05D5-416A-A730-33166921B3C7}"
EndProject
Global
	GlobalSection(SolutionConfigurationPlatforms) = preSolution
		Debug|Any CPU = Debug|Any CPU
		Release|Any CPU = Release|Any CPU
	EndGlobalSection
	GlobalSection(ProjectConfigurationPlatforms) = postSolution
		{0BFA824A-05D5-416A-A730-33166921B3C7}.Debug|Any CPU.ActiveCfg = Debug|Any CPU
		{0BFA824A-05D5-416A-A730-33166921B3C7}.Debug|Any CPU.Build.0 = Debug|Any CPU
		{0BFA824A-05D5-416A-A730-33166921B3C7}.Release|Any CPU.ActiveCfg = Release|Any CPU
		{0BFA824A-05D5-416A-A730-33166921B3C7}.Release|Any CPU.Build.0 = Release|Any CPU
	EndGlobalSection
	GlobalSection(SolutionProperties) = preSolution
		HideSolutionNode = FALSE
	EndGlobalSection
	GlobalSection(ExtensibilityGlobals) = postSolution
		SolutionGuid = {C38AFC8D-4A38-4087-9B9D-5E921791BBED}
	EndGlobalSection
EndGlobal
